
Microsoft Visual Studio Solution File, Format Version 12.00
# Visual Studio 15
VisualStudioVersion = 15.0.28307.779
MinimumVisualStudioVersion = 10.0.40219.1
Project("{8BC9CEB8-8B4A-11D0-8D11-00A0C91BC942}") = "Лаба3", "Лаба3\Лаба3.vcxproj", "{FE8166F8-21F0-4247-A6BB-F03F220308DD}"
EndProject
Global
	GlobalSection(SolutionConfigurationPlatforms) = preSolution
		Debug|x64 = Debug|x64
		Debug|x86 = Debug|x86
		Release|x64 = Release|x64
		Release|x86 = Release|x86
	EndGlobalSection
	GlobalSection(ProjectConfigurationPlatforms) = postSolution
		{FE8166F8-21F0-4247-A6BB-F03F220308DD}.Debug|x64.ActiveCfg = Debug|x64
		{FE8166F8-21F0-4247-A6BB-F03F220308DD}.Debug|x64.Build.0 = Debug|x64
		{FE8166F8-21F0-4247-A6BB-F03F220308DD}.Debug|x86.ActiveCfg = Debug|Win32
		{FE8166F8-21F0-4247-A6BB-F03F220308DD}.Debug|x86.Build.0 = Debug|Win32
		{FE8166F8-21F0-4247-A6BB-F03F220308DD}.Release|x64.ActiveCfg = Release|x64
		{FE8166F8-21F0-4247-A6BB-F03F220308DD}.Release|x64.Build.0 = Release|x64
		{FE8166F8-21F0-4247-A6BB-F03F220308DD}.Release|x86.ActiveCfg = Release|Win32
		{FE8166F8-21F0-4247-A6BB-F03F220308DD}.Release|x86.Build.0 = Release|Win32
	EndGlobalSection
	GlobalSection(SolutionProperties) = preSolution
		HideSolutionNode = FALSE
	EndGlobalSection
	GlobalSection(ExtensibilityGlobals) = postSolution
		SolutionGuid = {6EF8789A-66C3-4423-9043-BFDB8BEF64CD}
	EndGlobalSection
EndGlobal
